// !$*UTF8*$!
{
	archiveVersion = 1;
	classes = {
	};
	objectVersion = 46;
	objects = {

/* Begin PBXBuildFile section */
		D614E5FC1C7E0FA60017890C /* main.cpp in Sources */ = {isa = PBXBuildFile; fileRef = D614E5FB1C7E0FA60017890C /* main.cpp */; };
		D614E6041C7E102A0017890C /* NumWords.cpp in Sources */ = {isa = PBXBuildFile; fileRef = D614E6021C7E102A0017890C /* NumWords.cpp */; };
/* End PBXBuildFile section */

/* Begin PBXCopyFilesBuildPhase section */
		D614E5F61C7E0FA60017890C /* CopyFiles */ = {
			isa = PBXCopyFilesBuildPhase;
			buildActionMask = 2147483647;
			dstPath = /usr/share/man/man1/;
			dstSubfolderSpec = 0;
			files = (
			);
			runOnlyForDeploymentPostprocessing = 1;
		};
/* End PBXCopyFilesBuildPhase section */

/* Begin PBXFileReference section */
		D614E5F81C7E0FA60017890C /* number_to_words */ = {isa = PBXFileReference; explicitFileType = "compiled.mach-o.executable"; includeInIndex = 0; path = number_to_words; sourceTree = BUILT_PRODUCTS_DIR; };
		D614E5FB1C7E0FA60017890C /* main.cpp */ = {isa = PBXFileReference; lastKnownFileType = sourcecode.cpp.cpp; path = main.cpp; sourceTree = "<group>"; };
		D614E6021C7E102A0017890C /* NumWords.cpp */ = {isa = PBXFileReference; fileEncoding = 4; lastKnownFileType = sourcecode.cpp.cpp; path = NumWords.cpp; sourceTree = "<group>"; };
		D614E6031C7E102A0017890C /* NumWords.hpp */ = {isa = PBXFileReference; fileEncoding = 4; lastKnownFileType = sourcecode.cpp.h; path = NumWords.hpp; sourceTree = "<group>"; };
/* End PBXFileReference section */

/* Begin PBXFrameworksBuildPhase section */
		D614E5F51C7E0FA60017890C /* Frameworks */ = {
			isa = PBXFrameworksBuildPhase;
			buildActionMask = 2147483647;
			files = (
			);
			runOnlyForDeploymentPostprocessing = 0;
		};
/* End PBXFrameworksBuildPhase section */

/* Begin PBXGroup section */
		D614E5EF1C7E0FA60017890C = {
			isa = PBXGroup;
			children = (
				D614E5FA1C7E0FA60017890C /* number_to_words */,
				D614E5F91C7E0FA60017890C /* Products */,
			);
			sourceTree = "<group>";
		};
		D614E5F91C7E0FA60017890C /* Products */ = {
			isa = PBXGroup;
			children = (
				D614E5F81C7E0FA60017890C /* number_to_words */,
			);
			name = Products;
			sourceTree = "<group>";
		};
		D614E5FA1C7E0FA60017890C /* number_to_words */ = {
			isa = PBXGroup;
			children = (
				D614E5FB1C7E0FA60017890C /* main.cpp */,
				D614E6021C7E102A0017890C /* NumWords.cpp */,
				D614E6031C7E102A0017890C /* NumWords.hpp */,
			);
			path = number_to_words;
			sourceTree = "<group>";
		};
/* End PBXGroup section */

/* Begin PBXNativeTarget section */
		D614E5F71C7E0FA60017890C /* number_to_words */ = {
			isa = PBXNativeTarget;
			buildConfigurationList = D614E5FF1C7E0FA60017890C /* Build configuration list for PBXNativeTarget "number_to_words" */;
			buildPhases = (
				D614E5F41C7E0FA60017890C /* Sources */,
				D614E5F51C7E0FA60017890C /* Frameworks */,
				D614E5F61C7E0FA60017890C /* CopyFiles */,
			);
			buildRules = (
			);
			dependencies = (
			);
			name = number_to_words;
			productName = number_to_words;
			productReference = D614E5F81C7E0FA60017890C /* number_to_words */;
			productType = "com.apple.product-type.tool";
		};
/* End PBXNativeTarget section */

/* Begin PBXProject section */
		D614E5F01C7E0FA60017890C /* Project object */ = {
			isa = PBXProject;
			attributes = {
				LastUpgradeCheck = 0720;
				ORGANIZATIONNAME = "Gandhi Games";
				TargetAttributes = {
					D614E5F71C7E0FA60017890C = {
						CreatedOnToolsVersion = 7.2.1;
					};
				};
			};
			buildConfigurationList = D614E5F31C7E0FA60017890C /* Build configuration list for PBXProject "number_to_words" */;
			compatibilityVersion = "Xcode 3.2";
			developmentRegion = English;
			hasScannedForEncodings = 0;
			knownRegions = (
				en,
			);
			mainGroup = D614E5EF1C7E0FA60017890C;
			productRefGroup = D614E5F91C7E0FA60017890C /* Products */;
			projectDirPath = "";
			projectRoot = "";
			targets = (
				D614E5F71C7E0FA60017890C /* number_to_words */,
			);
		};
/* End PBXProject section */

/* Begin PBXSourcesBuildPhase section */
		D614E5F41C7E0FA60017890C /* Sources */ = {
			isa = PBXSourcesBuildPhase;
			buildActionMask = 2147483647;
			files = (
				D614E6041C7E102A0017890C /* NumWords.cpp in Sources */,
				D614E5FC1C7E0FA60017890C /* main.cpp in Sources */,
			);
			runOnlyForDeploymentPostprocessing = 0;
		};
/* End PBXSourcesBuildPhase section */

/* Begin XCBuildConfiguration section */
		D614E5FD1C7E0FA60017890C /* Debug */ = {
			isa = XCBuildConfiguration;
			buildSettings = {
				ALWAYS_SEARCH_USER_PATHS = NO;
				CLANG_CXX_LANGUAGE_STANDARD = "gnu++0x";
				CLANG_CXX_LIBRARY = "libc++";
				CLANG_ENABLE_MODULES = YES;
				CLANG_ENABLE_OBJC_ARC = YES;
				CLANG_WARN_BOOL_CONVERSION = YES;
				CLANG_WARN_CONSTANT_CONVERSION = YES;
				CLANG_WARN_DIRECT_OBJC_ISA_USAGE = YES_ERROR;
				CLANG_WARN_EMPTY_BODY = YES;
				CLANG_WARN_ENUM_CONVERSION = YES;
				CLANG_WARN_INT_CONVERSION = YES;
				CLANG_WARN_OBJC_ROOT_CLASS = YES_ERROR;
				CLANG_WARN_UNREACHABLE_CODE = YES;
				CLANG_WARN__DUPLICATE_METHOD_MATCH = YES;
				CODE_SIGN_IDENTITY = "-";
				COPY_PHASE_STRIP = NO;
				DEBUG_INFORMATION_FORMAT = dwarf;
				ENABLE_STRICT_OBJC_MSGSEND = YES;
				ENABLE_TESTABILITY = YES;
				GCC_C_LANGUAGE_STANDARD = gnu99;
				GCC_DYNAMIC_NO_PIC = NO;
				GCC_NO_COMMON_BLOCKS = YES;
				GCC_OPTIMIZATION_LEVEL = 0;
				GCC_PREPROCESSOR_DEFINITIONS = (
					"DEBUG=1",
					"$(inherited)",
				);
				GCC_WARN_64_TO_32_BIT_CONVERSION = YES;
				GCC_WARN_ABOUT_RETURN_TYPE = YES_ERROR;
				GCC_WARN_UNDECLARED_SELECTOR = YES;
				GCC_WARN_UNINITIALIZED_AUTOS = YES_AGGRESSIVE;
				GCC_WARN_UNUSED_FUNCTION = YES;
				GCC_WARN_UNUSED_VARIABLE = YES;
				MACOSX_DEPLOYMENT_TARGET = 10.11;
				MTL_ENABLE_DEBUG_INFO = YES;
				ONLY_ACTIVE_ARCH = YES;
				SDKROOT = macosx;
			};
			name = Debug;
		};
		D614E5FE1C7E0FA60017890C /* Release */ = {
			isa = XCBuildConfiguration;
			buildSettings = {
				ALWAYS_SEARCH_USER_PATHS = NO;
				CLANG_CXX_LANGUAGE_STANDARD = "gnu++0x";
				CLANG_CXX_LIBRARY = "libc++";
				CLANG_ENABLE_MODULES = YES;
				CLANG_ENABLE_OBJC_ARC = YES;
				CLANG_WARN_BOOL_CONVERSION = YES;
				CLANG_WARN_CONSTANT_CONVERSION = YES;
				CLANG_WARN_DIRECT_OBJC_ISA_USAGE = YES_ERROR;
				CLANG_WARN_EMPTY_BODY = YES;
				CLANG_WARN_ENUM_CONVERSION = YES;
				CLANG_WARN_INT_CONVERSION = YES;
				CLANG_WARN_OBJC_ROOT_CLASS = YES_ERROR;
				CLANG_WARN_UNREACHABLE_CODE = YES;
				CLANG_WARN__DUPLICATE_METHOD_MATCH = YES;
				CODE_SIGN_IDENTITY = "-";
				COPY_PHASE_STRIP = NO;
				DEBUG_INFORMATION_FORMAT = "dwarf-with-dsym";
				ENABLE_NS_ASSERTIONS = NO;
				ENABLE_STRICT_OBJC_MSGSEND = YES;
				GCC_C_LANGUAGE_STANDARD = gnu99;
				GCC_NO_COMMON_BLOCKS = YES;
				GCC_WARN_64_TO_32_BIT_CONVERSION = YES;
				GCC_WARN_ABOUT_RETURN_TYPE = YES_ERROR;
				GCC_WARN_UNDECLARED_SELECTOR = YES;
				GCC_WARN_UNINITIALIZED_AUTOS = YES_AGGRESSIVE;
				GCC_WARN_UNUSED_FUNCTION = YES;
				GCC_WARN_UNUSED_VARIABLE = YES;
				MACOSX_DEPLOYMENT_TARGET = 10.11;
				MTL_ENABLE_DEBUG_INFO = NO;
				SDKROOT = macosx;
			};
			name = Release;
		};
		D614E6001C7E0FA60017890C /* Debug */ = {
			isa = XCBuildConfiguration;
			buildSettings = {
				ARCHS = "$(ARCHS_STANDARD)";
				PRODUCT_NAME = "$(TARGET_NAME)";
			};
			name = Debug;
		};
		D614E6011C7E0FA60017890C /* Release */ = {
			isa = XCBuildConfiguration;
			buildSettings = {
				ARCHS = "$(ARCHS_STANDARD)";
				PRODUCT_NAME = "$(TARGET_NAME)";
			};
			name = Release;
		};
/* End XCBuildConfiguration section */

/* Begin XCConfigurationList section */
		D614E5F31C7E0FA60017890C /* Build configuration list for PBXProject "number_to_words" */ = {
			isa = XCConfigurationList;
			buildConfigurations = (
				D614E5FD1C7E0FA60017890C /* Debug */,
				D614E5FE1C7E0FA60017890C /* Release */,
			);
			defaultConfigurationIsVisible = 0;
			defaultConfigurationName = Release;
		};
		D614E5FF1C7E0FA60017890C /* Build configuration list for PBXNativeTarget "number_to_words" */ = {
			isa = XCConfigurationList;
			buildConfigurations = (
				D614E6001C7E0FA60017890C /* Debug */,
				D614E6011C7E0FA60017890C /* Release */,
			);
			defaultConfigurationIsVisible = 0;
		};
/* End XCConfigurationList section */
	};
	rootObject = D614E5F01C7E0FA60017890C /* Project object */;
}
